
Microsoft Visual Studio Solution File, Format Version 12.00
# Visual Studio Version 17
VisualStudioVersion = 17.7.34024.191
MinimumVisualStudioVersion = 10.0.40219.1
Project("{FAE04EC0-301F-11D3-BF4B-00C04F79EFBC}") = "Yield", "Yield\Yield.csproj", "{0BFD9377-6AA9-4B6F-9832-2434FA0AF509}"
EndProject
Global
	GlobalSection(SolutionConfigurationPlatforms) = preSolution
		Debug|Any CPU = Debug|Any CPU
		Release|Any CPU = Release|Any CPU
	EndGlobalSection
	GlobalSection(ProjectConfigurationPlatforms) = postSolution
		{0BFD9377-6AA9-4B6F-9832-2434FA0AF509}.Debug|Any CPU.ActiveCfg = Debug|Any CPU
		{0BFD9377-6AA9-4B6F-9832-2434FA0AF509}.Debug|Any CPU.Build.0 = Debug|Any CPU
		{0BFD9377-6AA9-4B6F-9832-2434FA0AF509}.Release|Any CPU.ActiveCfg = Release|Any CPU
		{0BFD9377-6AA9-4B6F-9832-2434FA0AF509}.Release|Any CPU.Build.0 = Release|Any CPU
	EndGlobalSection
	GlobalSection(SolutionProperties) = preSolution
		HideSolutionNode = FALSE
	EndGlobalSection
	GlobalSection(ExtensibilityGlobals) = postSolution
		SolutionGuid = {43BF1DD0-399A-4A5A-8986-5AD7A51C17D4}
	EndGlobalSection
EndGlobal
